<?xml version="1.0" encoding="utf-8"?>
<Project ToolsVersion="4.0" xmlns="http://schemas.microsoft.com/developer/msbuild/2003">
  <ItemGroup>
    <ClCompile Include="Mappings.cpp" />
    <ClCompile Include="PhysicsModule.cpp" />
    <ClCompile Include="RigidBodyComponent.cpp" />
    <ClCompile Include="MonoSystem.cpp" />
    <ClCompile Include="Sandbox.cpp" />
    <ClCompile Include="Source.cpp" />
    <Filter Include="Source Files">
      <UniqueIdentifier>{4FC737F1-C7A5-4376-A066-2A32D752A2FF}</UniqueIdentifier>
      <Extensions>cpp;c;cc;cxx;c++;cppm;ixx;def;odl;idl;hpj;bat;asm;asmx</Extensions>
    </Filter>
    <Filter Include="Header Files">
      <UniqueIdentifier>{93995380-89BD-4b04-88EB-625FBE52EBFB}</UniqueIdentifier>
      <Extensions>h;hh;hpp;hxx;h++;hm;inl;inc;ipp;xsd</Extensions>
    </Filter>
    <Filter Include="Resource Files">
      <UniqueIdentifier>{67DA6AB6-F800-4c08-8B7A-83BB121AAD01}</UniqueIdentifier>
      <Extensions>rc;ico;cur;bmp;dlg;rc2;rct;bin;rgs;gif;jpg;jpeg;jpe;resx;tiff;tif;png;wav;mfcribbon-ms</Extensions>
    </Filter>
    <ClCompile Include="Component.cpp">
      <Filter>Source Files</Filter>
    </ClCompile>
    <ClCompile Include="SceneComponent.cpp">
      <Filter>Source Files</Filter>
    </ClCompile>
    <ClCompile Include="MonoObjects\MeshRendererComponent.cpp">
      <Filter>Source Files</Filter>
    </ClCompile>
    <ClCompile Include="MonoObjects\MonoActor.cpp">
      <Filter>Source Files</Filter>
    </ClCompile>
    <ClCompile Include="MonoObjects\MonoComponent.cpp">
      <Filter>Source Files</Filter>
    </ClCompile>
    <ClCompile Include="MonoObjects\MonoPhysicsComponent.cpp">
      <Filter>Source Files</Filter>
    </ClCompile>
    <ClCompile Include="MonoObjects\MonoSceneComponent.cpp">
      <Filter>Source Files</Filter>
    </ClCompile>
    <ClCompile Include="AudioModule.cpp">
      <Filter>Source Files</Filter>
    </ClCompile>
    <ClCompile Include="AudioComponent.cpp">
      <Filter>Source Files</Filter>
    </ClCompile>
  </ItemGroup>
  <ItemGroup>
    <ClInclude Include="Sandbox.h">
      <Filter>Header Files</Filter>
    </ClInclude>
    <ClInclude Include="RigidBodyComponent.h">
      <Filter>Header Files</Filter>
    </ClInclude>
    <ClInclude Include="PhysicsModule.h">
      <Filter>Header Files</Filter>
    </ClInclude>
    <ClInclude Include="Object.h">
      <Filter>Header Files</Filter>
    </ClInclude>
    <ClInclude Include="Actor.h">
      <Filter>Header Files</Filter>
    </ClInclude>
    <ClInclude Include="Component.h">
      <Filter>Header Files</Filter>
    </ClInclude>
    <ClInclude Include="SceneComponent.h">
      <Filter>Header Files</Filter>
    </ClInclude>
    <ClInclude Include="MonoObjects\MeshRendererComponent.h">
      <Filter>Header Files</Filter>
    </ClInclude>
    <ClInclude Include="MonoObjects\MonoActor.h">
      <Filter>Header Files</Filter>
    </ClInclude>
    <ClInclude Include="MonoObjects\MonoComponent.h">
      <Filter>Header Files</Filter>
    </ClInclude>
    <ClInclude Include="MonoObjects\MonoPhysicsComponent.h">
      <Filter>Header Files</Filter>
    </ClInclude>
    <ClInclude Include="ComponentsEnum.h">
      <Filter>Header Files</Filter>
    </ClInclude>
    <ClInclude Include="MonoObjects\MonoSceneComponent.h">
      <Filter>Header Files</Filter>
    </ClInclude>
    <ClInclude Include="MonoObjects\StaticMeshRendererComponent.h">
      <Filter>Header Files</Filter>
    </ClInclude>
    <ClInclude Include="MonoModules\MonoActorModule.h">
      <Filter>Header Files</Filter>
    </ClInclude>
    <ClInclude Include="MonoModules\MonoComponentModule.h">
      <Filter>Header Files</Filter>
    </ClInclude>
    <ClInclude Include="AudioComponent.h">
      <Filter>Header Files</Filter>
    </ClInclude>
    <ClInclude Include="AudioModule.h">
      <Filter>Header Files</Filter>
    </ClInclude>
    <ClInclude Include="MonoModules\MonoRigidBodyComponentModule.h">
      <Filter>Header Files</Filter>
    </ClInclude>
    <ClInclude Include="MonoModules\MonoMasterModule.h">
      <Filter>Header Files</Filter>
    </ClInclude>
  </ItemGroup>
  <ItemGroup>
    <ClInclude Include="Mappings.h" />
    <ClInclude Include="PhysicsModule.h" />
    <ClInclude Include="RigidBodyComponent.h" />
    <ClInclude Include="MonoSystem.h" />
    <ClInclude Include="Sandbox.h" />
    <ClCompile Include="Sandbox.cpp">
      <Filter>Source Files</Filter>
    </ClCompile>
    <ClCompile Include="Source.cpp">
      <Filter>Source Files</Filter>
    </ClCompile>
    <ClCompile Include="PhysicsModule.cpp">
      <Filter>Source Files</Filter>
    </ClCompile>
    <ClCompile Include="RigidBodyComponent.cpp">
      <Filter>Source Files</Filter>
    </ClCompile>
    <ClCompile Include="Actor.cpp">
      <Filter>Source Files</Filter>
    </ClCompile>
  </ItemGroup>
</Project>