
Microsoft Visual Studio Solution File, Format Version 12.00
# Visual Studio Version 17
VisualStudioVersion = 17.3.32825.248
MinimumVisualStudioVersion = 10.0.40219.1
Project("{8BC9CEB8-8B4A-11D0-8D11-00A0C91BC942}") = "GameFramework", "GameFramework\GameFramework.vcxproj", "{CFB25C94-968F-4FE3-8BFA-9916C240819E}"
	ProjectSection(ProjectDependencies) = postProject
		{6AE03F7D-A19D-4700-A59D-3BA8C56F5BF2} = {6AE03F7D-A19D-4700-A59D-3BA8C56F5BF2}
	EndProjectSection
EndProject
Project("{8BC9CEB8-8B4A-11D0-8D11-00A0C91BC942}") = "DirectXTK", "DirectXTK\DirectXTK.vcxproj", "{0CF8FA75-E725-41DD-B5D6-2FB912FE070F}"
EndProject
Project("{8BC9CEB8-8B4A-11D0-8D11-00A0C91BC942}") = "RenderSystem", "RenderSystem\RenderSystem.vcxproj", "{FB10D326-2CE5-4DF9-8145-C2698D5CC5BC}"
	ProjectSection(ProjectDependencies) = postProject
		{CFB25C94-968F-4FE3-8BFA-9916C240819E} = {CFB25C94-968F-4FE3-8BFA-9916C240819E}
	EndProjectSection
EndProject
Project("{8BC9CEB8-8B4A-11D0-8D11-00A0C91BC942}") = "Sandbox", "Sandbox\Sandbox.vcxproj", "{976CF2CE-BF0B-42A3-BCA3-3915F7D3E184}"
	ProjectSection(ProjectDependencies) = postProject
		{6AE03F7D-A19D-4700-A59D-3BA8C56F5BF2} = {6AE03F7D-A19D-4700-A59D-3BA8C56F5BF2}
		{A1C440C6-91E7-45C0-ACB6-258CC70D54B7} = {A1C440C6-91E7-45C0-ACB6-258CC70D54B7}
	EndProjectSection
EndProject
Project("{8BC9CEB8-8B4A-11D0-8D11-00A0C91BC942}") = "assimp", "External\assimp\code\assimp.vcxproj", "{A70A4B81-D715-34B1-883F-5D0CE10B7D4C}"
EndProject
Project("{FAE04EC0-301F-11D3-BF4B-00C04F79EFBC}") = "Scripts", "Scripts\Scripts.csproj", "{A1C440C6-91E7-45C0-ACB6-258CC70D54B7}"
EndProject
Project("{9A19103F-16F7-4668-BE54-9A1E7A4F7556}") = "ImGui.NET", "ImGui.NET\ImGui.NET\ImGui.NET.csproj", "{D9679D15-CB53-48A2-B9A8-65E0F7045BBA}"
EndProject
Project("{9A19103F-16F7-4668-BE54-9A1E7A4F7556}") = "ImGuizmo.NET", "ImGui.NET\ImGuizmo.NET\ImGuizmo.NET.csproj", "{2BA0C1C7-2259-43F1-BAEB-E275D38F0535}"
EndProject
Project("{9A19103F-16F7-4668-BE54-9A1E7A4F7556}") = "ImNodes.NET", "ImGui.NET\ImNodes.NET\ImNodes.NET.csproj", "{F1234464-3151-419C-A206-17EC265E10F9}"
EndProject
Project("{9A19103F-16F7-4668-BE54-9A1E7A4F7556}") = "ImPlot.NET", "ImGui.NET\ImPlot.NET\ImPlot.NET.csproj", "{5EAA9211-8CBF-4048-85A2-0FDED8603A00}"
EndProject
Project("{9A19103F-16F7-4668-BE54-9A1E7A4F7556}") = "ImGui.NET.SampleProgram", "ImGui.NET\ImGui.NET.SampleProgram\ImGui.NET.SampleProgram.csproj", "{5D80A899-1FBC-4DA5-B2F1-C9447233F8F0}"
EndProject
Project("{8BC9CEB8-8B4A-11D0-8D11-00A0C91BC942}") = "example_win32_directx11", "imgui\examples\example_win32_directx11\example_win32_directx11.vcxproj", "{9F316E83-5AE5-4939-A723-305A94F48005}"
EndProject
Project("{8BC9CEB8-8B4A-11D0-8D11-00A0C91BC942}") = "ImGuiStaticLib", "ImGuiStaticLib\ImGuiStaticLib.vcxproj", "{6AE03F7D-A19D-4700-A59D-3BA8C56F5BF2}"
EndProject
Global
	GlobalSection(SolutionConfigurationPlatforms) = preSolution
		Debug|Any CPU = Debug|Any CPU
		Debug|x64 = Debug|x64
		Debug|x86 = Debug|x86
		MinSizeRel|Any CPU = MinSizeRel|Any CPU
		MinSizeRel|x64 = MinSizeRel|x64
		MinSizeRel|x86 = MinSizeRel|x86
		MonoDebug|Any CPU = MonoDebug|Any CPU
		MonoDebug|x64 = MonoDebug|x64
		MonoDebug|x86 = MonoDebug|x86
		Release|Any CPU = Release|Any CPU
		Release|x64 = Release|x64
		Release|x86 = Release|x86
		RelWithDebInfo|Any CPU = RelWithDebInfo|Any CPU
		RelWithDebInfo|x64 = RelWithDebInfo|x64
		RelWithDebInfo|x86 = RelWithDebInfo|x86
	EndGlobalSection
	GlobalSection(ProjectConfigurationPlatforms) = postSolution
		{CFB25C94-968F-4FE3-8BFA-9916C240819E}.Debug|Any CPU.ActiveCfg = Debug|x64
		{CFB25C94-968F-4FE3-8BFA-9916C240819E}.Debug|Any CPU.Build.0 = Debug|x64
		{CFB25C94-968F-4FE3-8BFA-9916C240819E}.Debug|x64.ActiveCfg = Debug|x64
		{CFB25C94-968F-4FE3-8BFA-9916C240819E}.Debug|x64.Build.0 = Debug|x64
		{CFB25C94-968F-4FE3-8BFA-9916C240819E}.Debug|x86.ActiveCfg = Debug|Win32
		{CFB25C94-968F-4FE3-8BFA-9916C240819E}.Debug|x86.Build.0 = Debug|Win32
		{CFB25C94-968F-4FE3-8BFA-9916C240819E}.MinSizeRel|Any CPU.ActiveCfg = Release|x64
		{CFB25C94-968F-4FE3-8BFA-9916C240819E}.MinSizeRel|Any CPU.Build.0 = Release|x64
		{CFB25C94-968F-4FE3-8BFA-9916C240819E}.MinSizeRel|x64.ActiveCfg = Release|x64
		{CFB25C94-968F-4FE3-8BFA-9916C240819E}.MinSizeRel|x64.Build.0 = Release|x64
		{CFB25C94-968F-4FE3-8BFA-9916C240819E}.MinSizeRel|x86.ActiveCfg = Release|Win32
		{CFB25C94-968F-4FE3-8BFA-9916C240819E}.MinSizeRel|x86.Build.0 = Release|Win32
		{CFB25C94-968F-4FE3-8BFA-9916C240819E}.MonoDebug|Any CPU.ActiveCfg = MonoDebug|x64
		{CFB25C94-968F-4FE3-8BFA-9916C240819E}.MonoDebug|Any CPU.Build.0 = MonoDebug|x64
		{CFB25C94-968F-4FE3-8BFA-9916C240819E}.MonoDebug|x64.ActiveCfg = MonoDebug|x64
		{CFB25C94-968F-4FE3-8BFA-9916C240819E}.MonoDebug|x64.Build.0 = MonoDebug|x64
		{CFB25C94-968F-4FE3-8BFA-9916C240819E}.MonoDebug|x86.ActiveCfg = MonoDebug|Win32
		{CFB25C94-968F-4FE3-8BFA-9916C240819E}.MonoDebug|x86.Build.0 = MonoDebug|Win32
		{CFB25C94-968F-4FE3-8BFA-9916C240819E}.Release|Any CPU.ActiveCfg = Release|x64
		{CFB25C94-968F-4FE3-8BFA-9916C240819E}.Release|Any CPU.Build.0 = Release|x64
		{CFB25C94-968F-4FE3-8BFA-9916C240819E}.Release|x64.ActiveCfg = Release|x64
		{CFB25C94-968F-4FE3-8BFA-9916C240819E}.Release|x64.Build.0 = Release|x64
		{CFB25C94-968F-4FE3-8BFA-9916C240819E}.Release|x86.ActiveCfg = Release|Win32
		{CFB25C94-968F-4FE3-8BFA-9916C240819E}.Release|x86.Build.0 = Release|Win32
		{CFB25C94-968F-4FE3-8BFA-9916C240819E}.RelWithDebInfo|Any CPU.ActiveCfg = Release|x64
		{CFB25C94-968F-4FE3-8BFA-9916C240819E}.RelWithDebInfo|Any CPU.Build.0 = Release|x64
		{CFB25C94-968F-4FE3-8BFA-9916C240819E}.RelWithDebInfo|x64.ActiveCfg = Release|x64
		{CFB25C94-968F-4FE3-8BFA-9916C240819E}.RelWithDebInfo|x64.Build.0 = Release|x64
		{CFB25C94-968F-4FE3-8BFA-9916C240819E}.RelWithDebInfo|x86.ActiveCfg = Release|Win32
		{CFB25C94-968F-4FE3-8BFA-9916C240819E}.RelWithDebInfo|x86.Build.0 = Release|Win32
		{0CF8FA75-E725-41DD-B5D6-2FB912FE070F}.Debug|Any CPU.ActiveCfg = Debug|x64
		{0CF8FA75-E725-41DD-B5D6-2FB912FE070F}.Debug|Any CPU.Build.0 = Debug|x64
		{0CF8FA75-E725-41DD-B5D6-2FB912FE070F}.Debug|x64.ActiveCfg = Debug|x64
		{0CF8FA75-E725-41DD-B5D6-2FB912FE070F}.Debug|x64.Build.0 = Debug|x64
		{0CF8FA75-E725-41DD-B5D6-2FB912FE070F}.Debug|x86.ActiveCfg = Debug|Win32
		{0CF8FA75-E725-41DD-B5D6-2FB912FE070F}.Debug|x86.Build.0 = Debug|Win32
		{0CF8FA75-E725-41DD-B5D6-2FB912FE070F}.MinSizeRel|Any CPU.ActiveCfg = Release|x64
		{0CF8FA75-E725-41DD-B5D6-2FB912FE070F}.MinSizeRel|Any CPU.Build.0 = Release|x64
		{0CF8FA75-E725-41DD-B5D6-2FB912FE070F}.MinSizeRel|x64.ActiveCfg = Release|x64
		{0CF8FA75-E725-41DD-B5D6-2FB912FE070F}.MinSizeRel|x64.Build.0 = Release|x64
		{0CF8FA75-E725-41DD-B5D6-2FB912FE070F}.MinSizeRel|x86.ActiveCfg = Release|Win32
		{0CF8FA75-E725-41DD-B5D6-2FB912FE070F}.MinSizeRel|x86.Build.0 = Release|Win32
		{0CF8FA75-E725-41DD-B5D6-2FB912FE070F}.MonoDebug|Any CPU.ActiveCfg = Debug|x64
		{0CF8FA75-E725-41DD-B5D6-2FB912FE070F}.MonoDebug|Any CPU.Build.0 = Debug|x64
		{0CF8FA75-E725-41DD-B5D6-2FB912FE070F}.MonoDebug|x64.ActiveCfg = MonoDebug|x64
		{0CF8FA75-E725-41DD-B5D6-2FB912FE070F}.MonoDebug|x64.Build.0 = MonoDebug|x64
		{0CF8FA75-E725-41DD-B5D6-2FB912FE070F}.MonoDebug|x86.ActiveCfg = MonoDebug|Win32
		{0CF8FA75-E725-41DD-B5D6-2FB912FE070F}.MonoDebug|x86.Build.0 = MonoDebug|Win32
		{0CF8FA75-E725-41DD-B5D6-2FB912FE070F}.Release|Any CPU.ActiveCfg = Release|x64
		{0CF8FA75-E725-41DD-B5D6-2FB912FE070F}.Release|Any CPU.Build.0 = Release|x64
		{0CF8FA75-E725-41DD-B5D6-2FB912FE070F}.Release|x64.ActiveCfg = Release|x64
		{0CF8FA75-E725-41DD-B5D6-2FB912FE070F}.Release|x64.Build.0 = Release|x64
		{0CF8FA75-E725-41DD-B5D6-2FB912FE070F}.Release|x86.ActiveCfg = Release|Win32
		{0CF8FA75-E725-41DD-B5D6-2FB912FE070F}.Release|x86.Build.0 = Release|Win32
		{0CF8FA75-E725-41DD-B5D6-2FB912FE070F}.RelWithDebInfo|Any CPU.ActiveCfg = Release|x64
		{0CF8FA75-E725-41DD-B5D6-2FB912FE070F}.RelWithDebInfo|Any CPU.Build.0 = Release|x64
		{0CF8FA75-E725-41DD-B5D6-2FB912FE070F}.RelWithDebInfo|x64.ActiveCfg = Release|x64
		{0CF8FA75-E725-41DD-B5D6-2FB912FE070F}.RelWithDebInfo|x64.Build.0 = Release|x64
		{0CF8FA75-E725-41DD-B5D6-2FB912FE070F}.RelWithDebInfo|x86.ActiveCfg = Release|Win32
		{0CF8FA75-E725-41DD-B5D6-2FB912FE070F}.RelWithDebInfo|x86.Build.0 = Release|Win32
		{FB10D326-2CE5-4DF9-8145-C2698D5CC5BC}.Debug|Any CPU.ActiveCfg = Debug|x64
		{FB10D326-2CE5-4DF9-8145-C2698D5CC5BC}.Debug|Any CPU.Build.0 = Debug|x64
		{FB10D326-2CE5-4DF9-8145-C2698D5CC5BC}.Debug|x64.ActiveCfg = Debug|x64
		{FB10D326-2CE5-4DF9-8145-C2698D5CC5BC}.Debug|x64.Build.0 = Debug|x64
		{FB10D326-2CE5-4DF9-8145-C2698D5CC5BC}.Debug|x86.ActiveCfg = Debug|Win32
		{FB10D326-2CE5-4DF9-8145-C2698D5CC5BC}.Debug|x86.Build.0 = Debug|Win32
		{FB10D326-2CE5-4DF9-8145-C2698D5CC5BC}.MinSizeRel|Any CPU.ActiveCfg = Release|x64
		{FB10D326-2CE5-4DF9-8145-C2698D5CC5BC}.MinSizeRel|Any CPU.Build.0 = Release|x64
		{FB10D326-2CE5-4DF9-8145-C2698D5CC5BC}.MinSizeRel|x64.ActiveCfg = Release|x64
		{FB10D326-2CE5-4DF9-8145-C2698D5CC5BC}.MinSizeRel|x64.Build.0 = Release|x64
		{FB10D326-2CE5-4DF9-8145-C2698D5CC5BC}.MinSizeRel|x86.ActiveCfg = Release|Win32
		{FB10D326-2CE5-4DF9-8145-C2698D5CC5BC}.MinSizeRel|x86.Build.0 = Release|Win32
		{FB10D326-2CE5-4DF9-8145-C2698D5CC5BC}.MonoDebug|Any CPU.ActiveCfg = Debug|x64
		{FB10D326-2CE5-4DF9-8145-C2698D5CC5BC}.MonoDebug|Any CPU.Build.0 = Debug|x64
		{FB10D326-2CE5-4DF9-8145-C2698D5CC5BC}.MonoDebug|x64.ActiveCfg = MonoDebug|x64
		{FB10D326-2CE5-4DF9-8145-C2698D5CC5BC}.MonoDebug|x64.Build.0 = MonoDebug|x64
		{FB10D326-2CE5-4DF9-8145-C2698D5CC5BC}.MonoDebug|x86.ActiveCfg = MonoDebug|Win32
		{FB10D326-2CE5-4DF9-8145-C2698D5CC5BC}.MonoDebug|x86.Build.0 = MonoDebug|Win32
		{FB10D326-2CE5-4DF9-8145-C2698D5CC5BC}.Release|Any CPU.ActiveCfg = Release|x64
		{FB10D326-2CE5-4DF9-8145-C2698D5CC5BC}.Release|Any CPU.Build.0 = Release|x64
		{FB10D326-2CE5-4DF9-8145-C2698D5CC5BC}.Release|x64.ActiveCfg = Release|x64
		{FB10D326-2CE5-4DF9-8145-C2698D5CC5BC}.Release|x64.Build.0 = Release|x64
		{FB10D326-2CE5-4DF9-8145-C2698D5CC5BC}.Release|x86.ActiveCfg = Release|Win32
		{FB10D326-2CE5-4DF9-8145-C2698D5CC5BC}.Release|x86.Build.0 = Release|Win32
		{FB10D326-2CE5-4DF9-8145-C2698D5CC5BC}.RelWithDebInfo|Any CPU.ActiveCfg = Release|x64
		{FB10D326-2CE5-4DF9-8145-C2698D5CC5BC}.RelWithDebInfo|Any CPU.Build.0 = Release|x64
		{FB10D326-2CE5-4DF9-8145-C2698D5CC5BC}.RelWithDebInfo|x64.ActiveCfg = Release|x64
		{FB10D326-2CE5-4DF9-8145-C2698D5CC5BC}.RelWithDebInfo|x64.Build.0 = Release|x64
		{FB10D326-2CE5-4DF9-8145-C2698D5CC5BC}.RelWithDebInfo|x86.ActiveCfg = Release|Win32
		{FB10D326-2CE5-4DF9-8145-C2698D5CC5BC}.RelWithDebInfo|x86.Build.0 = Release|Win32
		{976CF2CE-BF0B-42A3-BCA3-3915F7D3E184}.Debug|Any CPU.ActiveCfg = Debug|x64
		{976CF2CE-BF0B-42A3-BCA3-3915F7D3E184}.Debug|Any CPU.Build.0 = Debug|x64
		{976CF2CE-BF0B-42A3-BCA3-3915F7D3E184}.Debug|x64.ActiveCfg = Debug|x64
		{976CF2CE-BF0B-42A3-BCA3-3915F7D3E184}.Debug|x64.Build.0 = Debug|x64
		{976CF2CE-BF0B-42A3-BCA3-3915F7D3E184}.Debug|x86.ActiveCfg = Debug|Win32
		{976CF2CE-BF0B-42A3-BCA3-3915F7D3E184}.Debug|x86.Build.0 = Debug|Win32
		{976CF2CE-BF0B-42A3-BCA3-3915F7D3E184}.MinSizeRel|Any CPU.ActiveCfg = Release|x64
		{976CF2CE-BF0B-42A3-BCA3-3915F7D3E184}.MinSizeRel|Any CPU.Build.0 = Release|x64
		{976CF2CE-BF0B-42A3-BCA3-3915F7D3E184}.MinSizeRel|x64.ActiveCfg = Release|x64
		{976CF2CE-BF0B-42A3-BCA3-3915F7D3E184}.MinSizeRel|x64.Build.0 = Release|x64
		{976CF2CE-BF0B-42A3-BCA3-3915F7D3E184}.MinSizeRel|x86.ActiveCfg = Release|Win32
		{976CF2CE-BF0B-42A3-BCA3-3915F7D3E184}.MinSizeRel|x86.Build.0 = Release|Win32
		{976CF2CE-BF0B-42A3-BCA3-3915F7D3E184}.MonoDebug|Any CPU.ActiveCfg = MonoDebug|x64
		{976CF2CE-BF0B-42A3-BCA3-3915F7D3E184}.MonoDebug|Any CPU.Build.0 = MonoDebug|x64
		{976CF2CE-BF0B-42A3-BCA3-3915F7D3E184}.MonoDebug|x64.ActiveCfg = MonoDebug|x64
		{976CF2CE-BF0B-42A3-BCA3-3915F7D3E184}.MonoDebug|x64.Build.0 = MonoDebug|x64
		{976CF2CE-BF0B-42A3-BCA3-3915F7D3E184}.MonoDebug|x86.ActiveCfg = MonoDebug|Win32
		{976CF2CE-BF0B-42A3-BCA3-3915F7D3E184}.MonoDebug|x86.Build.0 = MonoDebug|Win32
		{976CF2CE-BF0B-42A3-BCA3-3915F7D3E184}.Release|Any CPU.ActiveCfg = Release|x64
		{976CF2CE-BF0B-42A3-BCA3-3915F7D3E184}.Release|Any CPU.Build.0 = Release|x64
		{976CF2CE-BF0B-42A3-BCA3-3915F7D3E184}.Release|x64.ActiveCfg = Release|x64
		{976CF2CE-BF0B-42A3-BCA3-3915F7D3E184}.Release|x64.Build.0 = Release|x64
		{976CF2CE-BF0B-42A3-BCA3-3915F7D3E184}.Release|x86.ActiveCfg = Release|Win32
		{976CF2CE-BF0B-42A3-BCA3-3915F7D3E184}.Release|x86.Build.0 = Release|Win32
		{976CF2CE-BF0B-42A3-BCA3-3915F7D3E184}.RelWithDebInfo|Any CPU.ActiveCfg = Release|x64
		{976CF2CE-BF0B-42A3-BCA3-3915F7D3E184}.RelWithDebInfo|Any CPU.Build.0 = Release|x64
		{976CF2CE-BF0B-42A3-BCA3-3915F7D3E184}.RelWithDebInfo|x64.ActiveCfg = Release|x64
		{976CF2CE-BF0B-42A3-BCA3-3915F7D3E184}.RelWithDebInfo|x64.Build.0 = Release|x64
		{976CF2CE-BF0B-42A3-BCA3-3915F7D3E184}.RelWithDebInfo|x86.ActiveCfg = Release|Win32
		{976CF2CE-BF0B-42A3-BCA3-3915F7D3E184}.RelWithDebInfo|x86.Build.0 = Release|Win32
		{A70A4B81-D715-34B1-883F-5D0CE10B7D4C}.Debug|Any CPU.ActiveCfg = Debug|x64
		{A70A4B81-D715-34B1-883F-5D0CE10B7D4C}.Debug|Any CPU.Build.0 = Debug|x64
		{A70A4B81-D715-34B1-883F-5D0CE10B7D4C}.Debug|x64.ActiveCfg = Debug|x64
		{A70A4B81-D715-34B1-883F-5D0CE10B7D4C}.Debug|x64.Build.0 = Debug|x64
		{A70A4B81-D715-34B1-883F-5D0CE10B7D4C}.Debug|x86.ActiveCfg = Debug|x64
		{A70A4B81-D715-34B1-883F-5D0CE10B7D4C}.Debug|x86.Build.0 = Debug|x64
		{A70A4B81-D715-34B1-883F-5D0CE10B7D4C}.MinSizeRel|Any CPU.ActiveCfg = MinSizeRel|x64
		{A70A4B81-D715-34B1-883F-5D0CE10B7D4C}.MinSizeRel|Any CPU.Build.0 = MinSizeRel|x64
		{A70A4B81-D715-34B1-883F-5D0CE10B7D4C}.MinSizeRel|x64.ActiveCfg = MinSizeRel|x64
		{A70A4B81-D715-34B1-883F-5D0CE10B7D4C}.MinSizeRel|x64.Build.0 = MinSizeRel|x64
		{A70A4B81-D715-34B1-883F-5D0CE10B7D4C}.MinSizeRel|x86.ActiveCfg = MinSizeRel|x64
		{A70A4B81-D715-34B1-883F-5D0CE10B7D4C}.MinSizeRel|x86.Build.0 = MinSizeRel|x64
		{A70A4B81-D715-34B1-883F-5D0CE10B7D4C}.MonoDebug|Any CPU.ActiveCfg = Debug|x64
		{A70A4B81-D715-34B1-883F-5D0CE10B7D4C}.MonoDebug|Any CPU.Build.0 = Debug|x64
		{A70A4B81-D715-34B1-883F-5D0CE10B7D4C}.MonoDebug|x64.ActiveCfg = MonoDebug|x64
		{A70A4B81-D715-34B1-883F-5D0CE10B7D4C}.MonoDebug|x64.Build.0 = MonoDebug|x64
		{A70A4B81-D715-34B1-883F-5D0CE10B7D4C}.MonoDebug|x86.ActiveCfg = MonoDebug|x64
		{A70A4B81-D715-34B1-883F-5D0CE10B7D4C}.MonoDebug|x86.Build.0 = MonoDebug|x64
		{A70A4B81-D715-34B1-883F-5D0CE10B7D4C}.Release|Any CPU.ActiveCfg = Release|x64
		{A70A4B81-D715-34B1-883F-5D0CE10B7D4C}.Release|Any CPU.Build.0 = Release|x64
		{A70A4B81-D715-34B1-883F-5D0CE10B7D4C}.Release|x64.ActiveCfg = Release|x64
		{A70A4B81-D715-34B1-883F-5D0CE10B7D4C}.Release|x64.Build.0 = Release|x64
		{A70A4B81-D715-34B1-883F-5D0CE10B7D4C}.Release|x86.ActiveCfg = Release|x64
		{A70A4B81-D715-34B1-883F-5D0CE10B7D4C}.Release|x86.Build.0 = Release|x64
		{A70A4B81-D715-34B1-883F-5D0CE10B7D4C}.RelWithDebInfo|Any CPU.ActiveCfg = RelWithDebInfo|x64
		{A70A4B81-D715-34B1-883F-5D0CE10B7D4C}.RelWithDebInfo|Any CPU.Build.0 = RelWithDebInfo|x64
		{A70A4B81-D715-34B1-883F-5D0CE10B7D4C}.RelWithDebInfo|x64.ActiveCfg = RelWithDebInfo|x64
		{A70A4B81-D715-34B1-883F-5D0CE10B7D4C}.RelWithDebInfo|x64.Build.0 = RelWithDebInfo|x64
		{A70A4B81-D715-34B1-883F-5D0CE10B7D4C}.RelWithDebInfo|x86.ActiveCfg = RelWithDebInfo|x64
		{A70A4B81-D715-34B1-883F-5D0CE10B7D4C}.RelWithDebInfo|x86.Build.0 = RelWithDebInfo|x64
		{A1C440C6-91E7-45C0-ACB6-258CC70D54B7}.Debug|Any CPU.ActiveCfg = Debug|Any CPU
		{A1C440C6-91E7-45C0-ACB6-258CC70D54B7}.Debug|Any CPU.Build.0 = Debug|Any CPU
		{A1C440C6-91E7-45C0-ACB6-258CC70D54B7}.Debug|x64.ActiveCfg = Debug|Any CPU
		{A1C440C6-91E7-45C0-ACB6-258CC70D54B7}.Debug|x64.Build.0 = Debug|Any CPU
		{A1C440C6-91E7-45C0-ACB6-258CC70D54B7}.Debug|x86.ActiveCfg = Debug|Any CPU
		{A1C440C6-91E7-45C0-ACB6-258CC70D54B7}.Debug|x86.Build.0 = Debug|Any CPU
		{A1C440C6-91E7-45C0-ACB6-258CC70D54B7}.MinSizeRel|Any CPU.ActiveCfg = Debug|Any CPU
		{A1C440C6-91E7-45C0-ACB6-258CC70D54B7}.MinSizeRel|Any CPU.Build.0 = Debug|Any CPU
		{A1C440C6-91E7-45C0-ACB6-258CC70D54B7}.MinSizeRel|x64.ActiveCfg = Debug|Any CPU
		{A1C440C6-91E7-45C0-ACB6-258CC70D54B7}.MinSizeRel|x64.Build.0 = Debug|Any CPU
		{A1C440C6-91E7-45C0-ACB6-258CC70D54B7}.MinSizeRel|x86.ActiveCfg = Debug|Any CPU
		{A1C440C6-91E7-45C0-ACB6-258CC70D54B7}.MinSizeRel|x86.Build.0 = Debug|Any CPU
		{A1C440C6-91E7-45C0-ACB6-258CC70D54B7}.MonoDebug|Any CPU.ActiveCfg = Debug|Any CPU
		{A1C440C6-91E7-45C0-ACB6-258CC70D54B7}.MonoDebug|Any CPU.Build.0 = Debug|Any CPU
		{A1C440C6-91E7-45C0-ACB6-258CC70D54B7}.MonoDebug|x64.ActiveCfg = MonoDebug|Any CPU
		{A1C440C6-91E7-45C0-ACB6-258CC70D54B7}.MonoDebug|x64.Build.0 = MonoDebug|Any CPU
		{A1C440C6-91E7-45C0-ACB6-258CC70D54B7}.MonoDebug|x86.ActiveCfg = MonoDebug|Any CPU
		{A1C440C6-91E7-45C0-ACB6-258CC70D54B7}.MonoDebug|x86.Build.0 = MonoDebug|Any CPU
		{A1C440C6-91E7-45C0-ACB6-258CC70D54B7}.Release|Any CPU.ActiveCfg = Release|Any CPU
		{A1C440C6-91E7-45C0-ACB6-258CC70D54B7}.Release|Any CPU.Build.0 = Release|Any CPU
		{A1C440C6-91E7-45C0-ACB6-258CC70D54B7}.Release|x64.ActiveCfg = Release|Any CPU
		{A1C440C6-91E7-45C0-ACB6-258CC70D54B7}.Release|x64.Build.0 = Release|Any CPU
		{A1C440C6-91E7-45C0-ACB6-258CC70D54B7}.Release|x86.ActiveCfg = Release|Any CPU
		{A1C440C6-91E7-45C0-ACB6-258CC70D54B7}.Release|x86.Build.0 = Release|Any CPU
		{A1C440C6-91E7-45C0-ACB6-258CC70D54B7}.RelWithDebInfo|Any CPU.ActiveCfg = Release|Any CPU
		{A1C440C6-91E7-45C0-ACB6-258CC70D54B7}.RelWithDebInfo|Any CPU.Build.0 = Release|Any CPU
		{A1C440C6-91E7-45C0-ACB6-258CC70D54B7}.RelWithDebInfo|x64.ActiveCfg = Release|Any CPU
		{A1C440C6-91E7-45C0-ACB6-258CC70D54B7}.RelWithDebInfo|x64.Build.0 = Release|Any CPU
		{A1C440C6-91E7-45C0-ACB6-258CC70D54B7}.RelWithDebInfo|x86.ActiveCfg = Release|Any CPU
		{A1C440C6-91E7-45C0-ACB6-258CC70D54B7}.RelWithDebInfo|x86.Build.0 = Release|Any CPU
		{D9679D15-CB53-48A2-B9A8-65E0F7045BBA}.Debug|Any CPU.ActiveCfg = Debug|Any CPU
		{D9679D15-CB53-48A2-B9A8-65E0F7045BBA}.Debug|Any CPU.Build.0 = Debug|Any CPU
		{D9679D15-CB53-48A2-B9A8-65E0F7045BBA}.Debug|x64.ActiveCfg = Debug|Any CPU
		{D9679D15-CB53-48A2-B9A8-65E0F7045BBA}.Debug|x64.Build.0 = Debug|Any CPU
		{D9679D15-CB53-48A2-B9A8-65E0F7045BBA}.Debug|x86.ActiveCfg = Debug|Any CPU
		{D9679D15-CB53-48A2-B9A8-65E0F7045BBA}.Debug|x86.Build.0 = Debug|Any CPU
		{D9679D15-CB53-48A2-B9A8-65E0F7045BBA}.MinSizeRel|Any CPU.ActiveCfg = Debug|Any CPU
		{D9679D15-CB53-48A2-B9A8-65E0F7045BBA}.MinSizeRel|Any CPU.Build.0 = Debug|Any CPU
		{D9679D15-CB53-48A2-B9A8-65E0F7045BBA}.MinSizeRel|x64.ActiveCfg = Debug|Any CPU
		{D9679D15-CB53-48A2-B9A8-65E0F7045BBA}.MinSizeRel|x64.Build.0 = Debug|Any CPU
		{D9679D15-CB53-48A2-B9A8-65E0F7045BBA}.MinSizeRel|x86.ActiveCfg = Debug|Any CPU
		{D9679D15-CB53-48A2-B9A8-65E0F7045BBA}.MinSizeRel|x86.Build.0 = Debug|Any CPU
		{D9679D15-CB53-48A2-B9A8-65E0F7045BBA}.MonoDebug|Any CPU.ActiveCfg = Debug|Any CPU
		{D9679D15-CB53-48A2-B9A8-65E0F7045BBA}.MonoDebug|Any CPU.Build.0 = Debug|Any CPU
		{D9679D15-CB53-48A2-B9A8-65E0F7045BBA}.MonoDebug|x64.ActiveCfg = MonoDebug|Any CPU
		{D9679D15-CB53-48A2-B9A8-65E0F7045BBA}.MonoDebug|x64.Build.0 = MonoDebug|Any CPU
		{D9679D15-CB53-48A2-B9A8-65E0F7045BBA}.MonoDebug|x86.ActiveCfg = MonoDebug|Any CPU
		{D9679D15-CB53-48A2-B9A8-65E0F7045BBA}.MonoDebug|x86.Build.0 = MonoDebug|Any CPU
		{D9679D15-CB53-48A2-B9A8-65E0F7045BBA}.Release|Any CPU.ActiveCfg = Release|Any CPU
		{D9679D15-CB53-48A2-B9A8-65E0F7045BBA}.Release|Any CPU.Build.0 = Release|Any CPU
		{D9679D15-CB53-48A2-B9A8-65E0F7045BBA}.Release|x64.ActiveCfg = Release|Any CPU
		{D9679D15-CB53-48A2-B9A8-65E0F7045BBA}.Release|x64.Build.0 = Release|Any CPU
		{D9679D15-CB53-48A2-B9A8-65E0F7045BBA}.Release|x86.ActiveCfg = Release|Any CPU
		{D9679D15-CB53-48A2-B9A8-65E0F7045BBA}.Release|x86.Build.0 = Release|Any CPU
		{D9679D15-CB53-48A2-B9A8-65E0F7045BBA}.RelWithDebInfo|Any CPU.ActiveCfg = Release|Any CPU
		{D9679D15-CB53-48A2-B9A8-65E0F7045BBA}.RelWithDebInfo|Any CPU.Build.0 = Release|Any CPU
		{D9679D15-CB53-48A2-B9A8-65E0F7045BBA}.RelWithDebInfo|x64.ActiveCfg = Release|Any CPU
		{D9679D15-CB53-48A2-B9A8-65E0F7045BBA}.RelWithDebInfo|x64.Build.0 = Release|Any CPU
		{D9679D15-CB53-48A2-B9A8-65E0F7045BBA}.RelWithDebInfo|x86.ActiveCfg = Release|Any CPU
		{D9679D15-CB53-48A2-B9A8-65E0F7045BBA}.RelWithDebInfo|x86.Build.0 = Release|Any CPU
		{2BA0C1C7-2259-43F1-BAEB-E275D38F0535}.Debug|Any CPU.ActiveCfg = Debug|Any CPU
		{2BA0C1C7-2259-43F1-BAEB-E275D38F0535}.Debug|Any CPU.Build.0 = Debug|Any CPU
		{2BA0C1C7-2259-43F1-BAEB-E275D38F0535}.Debug|x64.ActiveCfg = Debug|Any CPU
		{2BA0C1C7-2259-43F1-BAEB-E275D38F0535}.Debug|x64.Build.0 = Debug|Any CPU
		{2BA0C1C7-2259-43F1-BAEB-E275D38F0535}.Debug|x86.ActiveCfg = Debug|Any CPU
		{2BA0C1C7-2259-43F1-BAEB-E275D38F0535}.Debug|x86.Build.0 = Debug|Any CPU
		{2BA0C1C7-2259-43F1-BAEB-E275D38F0535}.MinSizeRel|Any CPU.ActiveCfg = Debug|Any CPU
		{2BA0C1C7-2259-43F1-BAEB-E275D38F0535}.MinSizeRel|Any CPU.Build.0 = Debug|Any CPU
		{2BA0C1C7-2259-43F1-BAEB-E275D38F0535}.MinSizeRel|x64.ActiveCfg = Debug|Any CPU
		{2BA0C1C7-2259-43F1-BAEB-E275D38F0535}.MinSizeRel|x64.Build.0 = Debug|Any CPU
		{2BA0C1C7-2259-43F1-BAEB-E275D38F0535}.MinSizeRel|x86.ActiveCfg = Debug|Any CPU
		{2BA0C1C7-2259-43F1-BAEB-E275D38F0535}.MinSizeRel|x86.Build.0 = Debug|Any CPU
		{2BA0C1C7-2259-43F1-BAEB-E275D38F0535}.MonoDebug|Any CPU.ActiveCfg = Debug|Any CPU
		{2BA0C1C7-2259-43F1-BAEB-E275D38F0535}.MonoDebug|Any CPU.Build.0 = Debug|Any CPU
		{2BA0C1C7-2259-43F1-BAEB-E275D38F0535}.MonoDebug|x64.ActiveCfg = MonoDebug|Any CPU
		{2BA0C1C7-2259-43F1-BAEB-E275D38F0535}.MonoDebug|x64.Build.0 = MonoDebug|Any CPU
		{2BA0C1C7-2259-43F1-BAEB-E275D38F0535}.MonoDebug|x86.ActiveCfg = MonoDebug|Any CPU
		{2BA0C1C7-2259-43F1-BAEB-E275D38F0535}.MonoDebug|x86.Build.0 = MonoDebug|Any CPU
		{2BA0C1C7-2259-43F1-BAEB-E275D38F0535}.Release|Any CPU.ActiveCfg = Release|Any CPU
		{2BA0C1C7-2259-43F1-BAEB-E275D38F0535}.Release|Any CPU.Build.0 = Release|Any CPU
		{2BA0C1C7-2259-43F1-BAEB-E275D38F0535}.Release|x64.ActiveCfg = Release|Any CPU
		{2BA0C1C7-2259-43F1-BAEB-E275D38F0535}.Release|x64.Build.0 = Release|Any CPU
		{2BA0C1C7-2259-43F1-BAEB-E275D38F0535}.Release|x86.ActiveCfg = Release|Any CPU
		{2BA0C1C7-2259-43F1-BAEB-E275D38F0535}.Release|x86.Build.0 = Release|Any CPU
		{2BA0C1C7-2259-43F1-BAEB-E275D38F0535}.RelWithDebInfo|Any CPU.ActiveCfg = Release|Any CPU
		{2BA0C1C7-2259-43F1-BAEB-E275D38F0535}.RelWithDebInfo|Any CPU.Build.0 = Release|Any CPU
		{2BA0C1C7-2259-43F1-BAEB-E275D38F0535}.RelWithDebInfo|x64.ActiveCfg = Release|Any CPU
		{2BA0C1C7-2259-43F1-BAEB-E275D38F0535}.RelWithDebInfo|x64.Build.0 = Release|Any CPU
		{2BA0C1C7-2259-43F1-BAEB-E275D38F0535}.RelWithDebInfo|x86.ActiveCfg = Release|Any CPU
		{2BA0C1C7-2259-43F1-BAEB-E275D38F0535}.RelWithDebInfo|x86.Build.0 = Release|Any CPU
		{F1234464-3151-419C-A206-17EC265E10F9}.Debug|Any CPU.ActiveCfg = Debug|Any CPU
		{F1234464-3151-419C-A206-17EC265E10F9}.Debug|Any CPU.Build.0 = Debug|Any CPU
		{F1234464-3151-419C-A206-17EC265E10F9}.Debug|x64.ActiveCfg = Debug|Any CPU
		{F1234464-3151-419C-A206-17EC265E10F9}.Debug|x64.Build.0 = Debug|Any CPU
		{F1234464-3151-419C-A206-17EC265E10F9}.Debug|x86.ActiveCfg = Debug|Any CPU
		{F1234464-3151-419C-A206-17EC265E10F9}.Debug|x86.Build.0 = Debug|Any CPU
		{F1234464-3151-419C-A206-17EC265E10F9}.MinSizeRel|Any CPU.ActiveCfg = Debug|Any CPU
		{F1234464-3151-419C-A206-17EC265E10F9}.MinSizeRel|Any CPU.Build.0 = Debug|Any CPU
		{F1234464-3151-419C-A206-17EC265E10F9}.MinSizeRel|x64.ActiveCfg = Debug|Any CPU
		{F1234464-3151-419C-A206-17EC265E10F9}.MinSizeRel|x64.Build.0 = Debug|Any CPU
		{F1234464-3151-419C-A206-17EC265E10F9}.MinSizeRel|x86.ActiveCfg = Debug|Any CPU
		{F1234464-3151-419C-A206-17EC265E10F9}.MinSizeRel|x86.Build.0 = Debug|Any CPU
		{F1234464-3151-419C-A206-17EC265E10F9}.MonoDebug|Any CPU.ActiveCfg = Debug|Any CPU
		{F1234464-3151-419C-A206-17EC265E10F9}.MonoDebug|Any CPU.Build.0 = Debug|Any CPU
		{F1234464-3151-419C-A206-17EC265E10F9}.MonoDebug|x64.ActiveCfg = MonoDebug|Any CPU
		{F1234464-3151-419C-A206-17EC265E10F9}.MonoDebug|x64.Build.0 = MonoDebug|Any CPU
		{F1234464-3151-419C-A206-17EC265E10F9}.MonoDebug|x86.ActiveCfg = MonoDebug|Any CPU
		{F1234464-3151-419C-A206-17EC265E10F9}.MonoDebug|x86.Build.0 = MonoDebug|Any CPU
		{F1234464-3151-419C-A206-17EC265E10F9}.Release|Any CPU.ActiveCfg = Release|Any CPU
		{F1234464-3151-419C-A206-17EC265E10F9}.Release|Any CPU.Build.0 = Release|Any CPU
		{F1234464-3151-419C-A206-17EC265E10F9}.Release|x64.ActiveCfg = Release|Any CPU
		{F1234464-3151-419C-A206-17EC265E10F9}.Release|x64.Build.0 = Release|Any CPU
		{F1234464-3151-419C-A206-17EC265E10F9}.Release|x86.ActiveCfg = Release|Any CPU
		{F1234464-3151-419C-A206-17EC265E10F9}.Release|x86.Build.0 = Release|Any CPU
		{F1234464-3151-419C-A206-17EC265E10F9}.RelWithDebInfo|Any CPU.ActiveCfg = Release|Any CPU
		{F1234464-3151-419C-A206-17EC265E10F9}.RelWithDebInfo|Any CPU.Build.0 = Release|Any CPU
		{F1234464-3151-419C-A206-17EC265E10F9}.RelWithDebInfo|x64.ActiveCfg = Release|Any CPU
		{F1234464-3151-419C-A206-17EC265E10F9}.RelWithDebInfo|x64.Build.0 = Release|Any CPU
		{F1234464-3151-419C-A206-17EC265E10F9}.RelWithDebInfo|x86.ActiveCfg = Release|Any CPU
		{F1234464-3151-419C-A206-17EC265E10F9}.RelWithDebInfo|x86.Build.0 = Release|Any CPU
		{5EAA9211-8CBF-4048-85A2-0FDED8603A00}.Debug|Any CPU.ActiveCfg = Debug|Any CPU
		{5EAA9211-8CBF-4048-85A2-0FDED8603A00}.Debug|Any CPU.Build.0 = Debug|Any CPU
		{5EAA9211-8CBF-4048-85A2-0FDED8603A00}.Debug|x64.ActiveCfg = Debug|Any CPU
		{5EAA9211-8CBF-4048-85A2-0FDED8603A00}.Debug|x64.Build.0 = Debug|Any CPU
		{5EAA9211-8CBF-4048-85A2-0FDED8603A00}.Debug|x86.ActiveCfg = Debug|Any CPU
		{5EAA9211-8CBF-4048-85A2-0FDED8603A00}.Debug|x86.Build.0 = Debug|Any CPU
		{5EAA9211-8CBF-4048-85A2-0FDED8603A00}.MinSizeRel|Any CPU.ActiveCfg = Debug|Any CPU
		{5EAA9211-8CBF-4048-85A2-0FDED8603A00}.MinSizeRel|Any CPU.Build.0 = Debug|Any CPU
		{5EAA9211-8CBF-4048-85A2-0FDED8603A00}.MinSizeRel|x64.ActiveCfg = Debug|Any CPU
		{5EAA9211-8CBF-4048-85A2-0FDED8603A00}.MinSizeRel|x64.Build.0 = Debug|Any CPU
		{5EAA9211-8CBF-4048-85A2-0FDED8603A00}.MinSizeRel|x86.ActiveCfg = Debug|Any CPU
		{5EAA9211-8CBF-4048-85A2-0FDED8603A00}.MinSizeRel|x86.Build.0 = Debug|Any CPU
		{5EAA9211-8CBF-4048-85A2-0FDED8603A00}.MonoDebug|Any CPU.ActiveCfg = Debug|Any CPU
		{5EAA9211-8CBF-4048-85A2-0FDED8603A00}.MonoDebug|Any CPU.Build.0 = Debug|Any CPU
		{5EAA9211-8CBF-4048-85A2-0FDED8603A00}.MonoDebug|x64.ActiveCfg = MonoDebug|Any CPU
		{5EAA9211-8CBF-4048-85A2-0FDED8603A00}.MonoDebug|x64.Build.0 = MonoDebug|Any CPU
		{5EAA9211-8CBF-4048-85A2-0FDED8603A00}.MonoDebug|x86.ActiveCfg = MonoDebug|Any CPU
		{5EAA9211-8CBF-4048-85A2-0FDED8603A00}.MonoDebug|x86.Build.0 = MonoDebug|Any CPU
		{5EAA9211-8CBF-4048-85A2-0FDED8603A00}.Release|Any CPU.ActiveCfg = Release|Any CPU
		{5EAA9211-8CBF-4048-85A2-0FDED8603A00}.Release|Any CPU.Build.0 = Release|Any CPU
		{5EAA9211-8CBF-4048-85A2-0FDED8603A00}.Release|x64.ActiveCfg = Release|Any CPU
		{5EAA9211-8CBF-4048-85A2-0FDED8603A00}.Release|x64.Build.0 = Release|Any CPU
		{5EAA9211-8CBF-4048-85A2-0FDED8603A00}.Release|x86.ActiveCfg = Release|Any CPU
		{5EAA9211-8CBF-4048-85A2-0FDED8603A00}.Release|x86.Build.0 = Release|Any CPU
		{5EAA9211-8CBF-4048-85A2-0FDED8603A00}.RelWithDebInfo|Any CPU.ActiveCfg = Release|Any CPU
		{5EAA9211-8CBF-4048-85A2-0FDED8603A00}.RelWithDebInfo|Any CPU.Build.0 = Release|Any CPU
		{5EAA9211-8CBF-4048-85A2-0FDED8603A00}.RelWithDebInfo|x64.ActiveCfg = Release|Any CPU
		{5EAA9211-8CBF-4048-85A2-0FDED8603A00}.RelWithDebInfo|x64.Build.0 = Release|Any CPU
		{5EAA9211-8CBF-4048-85A2-0FDED8603A00}.RelWithDebInfo|x86.ActiveCfg = Release|Any CPU
		{5EAA9211-8CBF-4048-85A2-0FDED8603A00}.RelWithDebInfo|x86.Build.0 = Release|Any CPU
		{5D80A899-1FBC-4DA5-B2F1-C9447233F8F0}.Debug|Any CPU.ActiveCfg = Debug|Any CPU
		{5D80A899-1FBC-4DA5-B2F1-C9447233F8F0}.Debug|Any CPU.Build.0 = Debug|Any CPU
		{5D80A899-1FBC-4DA5-B2F1-C9447233F8F0}.Debug|x64.ActiveCfg = Debug|Any CPU
		{5D80A899-1FBC-4DA5-B2F1-C9447233F8F0}.Debug|x64.Build.0 = Debug|Any CPU
		{5D80A899-1FBC-4DA5-B2F1-C9447233F8F0}.Debug|x86.ActiveCfg = Debug|Any CPU
		{5D80A899-1FBC-4DA5-B2F1-C9447233F8F0}.Debug|x86.Build.0 = Debug|Any CPU
		{5D80A899-1FBC-4DA5-B2F1-C9447233F8F0}.MinSizeRel|Any CPU.ActiveCfg = Debug|Any CPU
		{5D80A899-1FBC-4DA5-B2F1-C9447233F8F0}.MinSizeRel|Any CPU.Build.0 = Debug|Any CPU
		{5D80A899-1FBC-4DA5-B2F1-C9447233F8F0}.MinSizeRel|x64.ActiveCfg = Debug|Any CPU
		{5D80A899-1FBC-4DA5-B2F1-C9447233F8F0}.MinSizeRel|x64.Build.0 = Debug|Any CPU
		{5D80A899-1FBC-4DA5-B2F1-C9447233F8F0}.MinSizeRel|x86.ActiveCfg = Debug|Any CPU
		{5D80A899-1FBC-4DA5-B2F1-C9447233F8F0}.MinSizeRel|x86.Build.0 = Debug|Any CPU
		{5D80A899-1FBC-4DA5-B2F1-C9447233F8F0}.MonoDebug|Any CPU.ActiveCfg = Debug|Any CPU
		{5D80A899-1FBC-4DA5-B2F1-C9447233F8F0}.MonoDebug|Any CPU.Build.0 = Debug|Any CPU
		{5D80A899-1FBC-4DA5-B2F1-C9447233F8F0}.MonoDebug|x64.ActiveCfg = MonoDebug|Any CPU
		{5D80A899-1FBC-4DA5-B2F1-C9447233F8F0}.MonoDebug|x64.Build.0 = MonoDebug|Any CPU
		{5D80A899-1FBC-4DA5-B2F1-C9447233F8F0}.MonoDebug|x86.ActiveCfg = MonoDebug|Any CPU
		{5D80A899-1FBC-4DA5-B2F1-C9447233F8F0}.MonoDebug|x86.Build.0 = MonoDebug|Any CPU
		{5D80A899-1FBC-4DA5-B2F1-C9447233F8F0}.Release|Any CPU.ActiveCfg = Release|Any CPU
		{5D80A899-1FBC-4DA5-B2F1-C9447233F8F0}.Release|Any CPU.Build.0 = Release|Any CPU
		{5D80A899-1FBC-4DA5-B2F1-C9447233F8F0}.Release|x64.ActiveCfg = Release|Any CPU
		{5D80A899-1FBC-4DA5-B2F1-C9447233F8F0}.Release|x64.Build.0 = Release|Any CPU
		{5D80A899-1FBC-4DA5-B2F1-C9447233F8F0}.Release|x86.ActiveCfg = Release|Any CPU
		{5D80A899-1FBC-4DA5-B2F1-C9447233F8F0}.Release|x86.Build.0 = Release|Any CPU
		{5D80A899-1FBC-4DA5-B2F1-C9447233F8F0}.RelWithDebInfo|Any CPU.ActiveCfg = Release|Any CPU
		{5D80A899-1FBC-4DA5-B2F1-C9447233F8F0}.RelWithDebInfo|Any CPU.Build.0 = Release|Any CPU
		{5D80A899-1FBC-4DA5-B2F1-C9447233F8F0}.RelWithDebInfo|x64.ActiveCfg = Release|Any CPU
		{5D80A899-1FBC-4DA5-B2F1-C9447233F8F0}.RelWithDebInfo|x64.Build.0 = Release|Any CPU
		{5D80A899-1FBC-4DA5-B2F1-C9447233F8F0}.RelWithDebInfo|x86.ActiveCfg = Release|Any CPU
		{5D80A899-1FBC-4DA5-B2F1-C9447233F8F0}.RelWithDebInfo|x86.Build.0 = Release|Any CPU
		{9F316E83-5AE5-4939-A723-305A94F48005}.Debug|Any CPU.ActiveCfg = Debug|x64
		{9F316E83-5AE5-4939-A723-305A94F48005}.Debug|Any CPU.Build.0 = Debug|x64
		{9F316E83-5AE5-4939-A723-305A94F48005}.Debug|x64.ActiveCfg = Debug|x64
		{9F316E83-5AE5-4939-A723-305A94F48005}.Debug|x64.Build.0 = Debug|x64
		{9F316E83-5AE5-4939-A723-305A94F48005}.Debug|x86.ActiveCfg = Debug|Win32
		{9F316E83-5AE5-4939-A723-305A94F48005}.Debug|x86.Build.0 = Debug|Win32
		{9F316E83-5AE5-4939-A723-305A94F48005}.MinSizeRel|Any CPU.ActiveCfg = Debug|x64
		{9F316E83-5AE5-4939-A723-305A94F48005}.MinSizeRel|Any CPU.Build.0 = Debug|x64
		{9F316E83-5AE5-4939-A723-305A94F48005}.MinSizeRel|x64.ActiveCfg = Debug|x64
		{9F316E83-5AE5-4939-A723-305A94F48005}.MinSizeRel|x64.Build.0 = Debug|x64
		{9F316E83-5AE5-4939-A723-305A94F48005}.MinSizeRel|x86.ActiveCfg = Debug|Win32
		{9F316E83-5AE5-4939-A723-305A94F48005}.MinSizeRel|x86.Build.0 = Debug|Win32
		{9F316E83-5AE5-4939-A723-305A94F48005}.MonoDebug|Any CPU.ActiveCfg = Debug|x64
		{9F316E83-5AE5-4939-A723-305A94F48005}.MonoDebug|Any CPU.Build.0 = Debug|x64
		{9F316E83-5AE5-4939-A723-305A94F48005}.MonoDebug|x64.ActiveCfg = MonoDebug|x64
		{9F316E83-5AE5-4939-A723-305A94F48005}.MonoDebug|x64.Build.0 = MonoDebug|x64
		{9F316E83-5AE5-4939-A723-305A94F48005}.MonoDebug|x86.ActiveCfg = MonoDebug|Win32
		{9F316E83-5AE5-4939-A723-305A94F48005}.MonoDebug|x86.Build.0 = MonoDebug|Win32
		{9F316E83-5AE5-4939-A723-305A94F48005}.Release|Any CPU.ActiveCfg = Release|x64
		{9F316E83-5AE5-4939-A723-305A94F48005}.Release|Any CPU.Build.0 = Release|x64
		{9F316E83-5AE5-4939-A723-305A94F48005}.Release|x64.ActiveCfg = Release|x64
		{9F316E83-5AE5-4939-A723-305A94F48005}.Release|x64.Build.0 = Release|x64
		{9F316E83-5AE5-4939-A723-305A94F48005}.Release|x86.ActiveCfg = Release|Win32
		{9F316E83-5AE5-4939-A723-305A94F48005}.Release|x86.Build.0 = Release|Win32
		{9F316E83-5AE5-4939-A723-305A94F48005}.RelWithDebInfo|Any CPU.ActiveCfg = Release|x64
		{9F316E83-5AE5-4939-A723-305A94F48005}.RelWithDebInfo|Any CPU.Build.0 = Release|x64
		{9F316E83-5AE5-4939-A723-305A94F48005}.RelWithDebInfo|x64.ActiveCfg = Release|x64
		{9F316E83-5AE5-4939-A723-305A94F48005}.RelWithDebInfo|x64.Build.0 = Release|x64
		{9F316E83-5AE5-4939-A723-305A94F48005}.RelWithDebInfo|x86.ActiveCfg = Release|Win32
		{9F316E83-5AE5-4939-A723-305A94F48005}.RelWithDebInfo|x86.Build.0 = Release|Win32
		{6AE03F7D-A19D-4700-A59D-3BA8C56F5BF2}.Debug|Any CPU.ActiveCfg = Debug|x64
		{6AE03F7D-A19D-4700-A59D-3BA8C56F5BF2}.Debug|Any CPU.Build.0 = Debug|x64
		{6AE03F7D-A19D-4700-A59D-3BA8C56F5BF2}.Debug|x64.ActiveCfg = Debug|x64
		{6AE03F7D-A19D-4700-A59D-3BA8C56F5BF2}.Debug|x64.Build.0 = Debug|x64
		{6AE03F7D-A19D-4700-A59D-3BA8C56F5BF2}.Debug|x86.ActiveCfg = Debug|Win32
		{6AE03F7D-A19D-4700-A59D-3BA8C56F5BF2}.Debug|x86.Build.0 = Debug|Win32
		{6AE03F7D-A19D-4700-A59D-3BA8C56F5BF2}.MinSizeRel|Any CPU.ActiveCfg = Debug|x64
		{6AE03F7D-A19D-4700-A59D-3BA8C56F5BF2}.MinSizeRel|Any CPU.Build.0 = Debug|x64
		{6AE03F7D-A19D-4700-A59D-3BA8C56F5BF2}.MinSizeRel|x64.ActiveCfg = Debug|x64
		{6AE03F7D-A19D-4700-A59D-3BA8C56F5BF2}.MinSizeRel|x64.Build.0 = Debug|x64
		{6AE03F7D-A19D-4700-A59D-3BA8C56F5BF2}.MinSizeRel|x86.ActiveCfg = Debug|Win32
		{6AE03F7D-A19D-4700-A59D-3BA8C56F5BF2}.MinSizeRel|x86.Build.0 = Debug|Win32
		{6AE03F7D-A19D-4700-A59D-3BA8C56F5BF2}.MonoDebug|Any CPU.ActiveCfg = Debug|x64
		{6AE03F7D-A19D-4700-A59D-3BA8C56F5BF2}.MonoDebug|Any CPU.Build.0 = Debug|x64
		{6AE03F7D-A19D-4700-A59D-3BA8C56F5BF2}.MonoDebug|x64.ActiveCfg = MonoDebug|x64
		{6AE03F7D-A19D-4700-A59D-3BA8C56F5BF2}.MonoDebug|x64.Build.0 = MonoDebug|x64
		{6AE03F7D-A19D-4700-A59D-3BA8C56F5BF2}.MonoDebug|x86.ActiveCfg = MonoDebug|Win32
		{6AE03F7D-A19D-4700-A59D-3BA8C56F5BF2}.MonoDebug|x86.Build.0 = MonoDebug|Win32
		{6AE03F7D-A19D-4700-A59D-3BA8C56F5BF2}.Release|Any CPU.ActiveCfg = Release|x64
		{6AE03F7D-A19D-4700-A59D-3BA8C56F5BF2}.Release|Any CPU.Build.0 = Release|x64
		{6AE03F7D-A19D-4700-A59D-3BA8C56F5BF2}.Release|x64.ActiveCfg = Release|x64
		{6AE03F7D-A19D-4700-A59D-3BA8C56F5BF2}.Release|x64.Build.0 = Release|x64
		{6AE03F7D-A19D-4700-A59D-3BA8C56F5BF2}.Release|x86.ActiveCfg = Release|Win32
		{6AE03F7D-A19D-4700-A59D-3BA8C56F5BF2}.Release|x86.Build.0 = Release|Win32
		{6AE03F7D-A19D-4700-A59D-3BA8C56F5BF2}.RelWithDebInfo|Any CPU.ActiveCfg = Release|x64
		{6AE03F7D-A19D-4700-A59D-3BA8C56F5BF2}.RelWithDebInfo|Any CPU.Build.0 = Release|x64
		{6AE03F7D-A19D-4700-A59D-3BA8C56F5BF2}.RelWithDebInfo|x64.ActiveCfg = Release|x64
		{6AE03F7D-A19D-4700-A59D-3BA8C56F5BF2}.RelWithDebInfo|x64.Build.0 = Release|x64
		{6AE03F7D-A19D-4700-A59D-3BA8C56F5BF2}.RelWithDebInfo|x86.ActiveCfg = Release|Win32
		{6AE03F7D-A19D-4700-A59D-3BA8C56F5BF2}.RelWithDebInfo|x86.Build.0 = Release|Win32
	EndGlobalSection
	GlobalSection(SolutionProperties) = preSolution
		HideSolutionNode = FALSE
	EndGlobalSection
	GlobalSection(ExtensibilityGlobals) = postSolution
		SolutionGuid = {56D7A371-89E4-4FAF-B405-2FCAA26C85F8}
	EndGlobalSection
EndGlobal
