
Microsoft Visual Studio Solution File, Format Version 12.00
# Visual Studio Version 17
VisualStudioVersion = 17.3.32825.248
MinimumVisualStudioVersion = 10.0.40219.1
Project("{8BC9CEB8-8B4A-11D0-8D11-00A0C91BC942}") = "GameFramework", "GameFramework\GameFramework.vcxproj", "{CFB25C94-968F-4FE3-8BFA-9916C240819E}"
EndProject
Project("{8BC9CEB8-8B4A-11D0-8D11-00A0C91BC942}") = "DirectXTK", "DirectXTK\DirectXTK.vcxproj", "{0CF8FA75-E725-41DD-B5D6-2FB912FE070F}"
EndProject
Project("{8BC9CEB8-8B4A-11D0-8D11-00A0C91BC942}") = "RenderSystem", "RenderSystem\RenderSystem.vcxproj", "{FB10D326-2CE5-4DF9-8145-C2698D5CC5BC}"
	ProjectSection(ProjectDependencies) = postProject
		{CFB25C94-968F-4FE3-8BFA-9916C240819E} = {CFB25C94-968F-4FE3-8BFA-9916C240819E}
	EndProjectSection
EndProject
Project("{8BC9CEB8-8B4A-11D0-8D11-00A0C91BC942}") = "Sandbox", "Sandbox\Sandbox.vcxproj", "{976CF2CE-BF0B-42A3-BCA3-3915F7D3E184}"
EndProject
Project("{8BC9CEB8-8B4A-11D0-8D11-00A0C91BC942}") = "assimp", "External\assimp\code\assimp.vcxproj", "{986855AB-DE08-31C3-89A0-1EB21D2C3A87}"
EndProject
Global
	GlobalSection(SolutionConfigurationPlatforms) = preSolution
		Debug|x64 = Debug|x64
		Debug|x86 = Debug|x86
		MinSizeRel|x64 = MinSizeRel|x64
		MinSizeRel|x86 = MinSizeRel|x86
		Release|x64 = Release|x64
		Release|x86 = Release|x86
		RelWithDebInfo|x64 = RelWithDebInfo|x64
		RelWithDebInfo|x86 = RelWithDebInfo|x86
	EndGlobalSection
	GlobalSection(ProjectConfigurationPlatforms) = postSolution
		{CFB25C94-968F-4FE3-8BFA-9916C240819E}.Debug|x64.ActiveCfg = Debug|x64
		{CFB25C94-968F-4FE3-8BFA-9916C240819E}.Debug|x64.Build.0 = Debug|x64
		{CFB25C94-968F-4FE3-8BFA-9916C240819E}.Debug|x86.ActiveCfg = Debug|Win32
		{CFB25C94-968F-4FE3-8BFA-9916C240819E}.Debug|x86.Build.0 = Debug|Win32
		{CFB25C94-968F-4FE3-8BFA-9916C240819E}.MinSizeRel|x64.ActiveCfg = Release|x64
		{CFB25C94-968F-4FE3-8BFA-9916C240819E}.MinSizeRel|x64.Build.0 = Release|x64
		{CFB25C94-968F-4FE3-8BFA-9916C240819E}.MinSizeRel|x86.ActiveCfg = Release|Win32
		{CFB25C94-968F-4FE3-8BFA-9916C240819E}.MinSizeRel|x86.Build.0 = Release|Win32
		{CFB25C94-968F-4FE3-8BFA-9916C240819E}.Release|x64.ActiveCfg = Release|x64
		{CFB25C94-968F-4FE3-8BFA-9916C240819E}.Release|x64.Build.0 = Release|x64
		{CFB25C94-968F-4FE3-8BFA-9916C240819E}.Release|x86.ActiveCfg = Release|Win32
		{CFB25C94-968F-4FE3-8BFA-9916C240819E}.Release|x86.Build.0 = Release|Win32
		{CFB25C94-968F-4FE3-8BFA-9916C240819E}.RelWithDebInfo|x64.ActiveCfg = Release|x64
		{CFB25C94-968F-4FE3-8BFA-9916C240819E}.RelWithDebInfo|x64.Build.0 = Release|x64
		{CFB25C94-968F-4FE3-8BFA-9916C240819E}.RelWithDebInfo|x86.ActiveCfg = Release|Win32
		{CFB25C94-968F-4FE3-8BFA-9916C240819E}.RelWithDebInfo|x86.Build.0 = Release|Win32
		{0CF8FA75-E725-41DD-B5D6-2FB912FE070F}.Debug|x64.ActiveCfg = Debug|x64
		{0CF8FA75-E725-41DD-B5D6-2FB912FE070F}.Debug|x64.Build.0 = Debug|x64
		{0CF8FA75-E725-41DD-B5D6-2FB912FE070F}.Debug|x86.ActiveCfg = Debug|Win32
		{0CF8FA75-E725-41DD-B5D6-2FB912FE070F}.Debug|x86.Build.0 = Debug|Win32
		{0CF8FA75-E725-41DD-B5D6-2FB912FE070F}.MinSizeRel|x64.ActiveCfg = Release|x64
		{0CF8FA75-E725-41DD-B5D6-2FB912FE070F}.MinSizeRel|x64.Build.0 = Release|x64
		{0CF8FA75-E725-41DD-B5D6-2FB912FE070F}.MinSizeRel|x86.ActiveCfg = Release|Win32
		{0CF8FA75-E725-41DD-B5D6-2FB912FE070F}.MinSizeRel|x86.Build.0 = Release|Win32
		{0CF8FA75-E725-41DD-B5D6-2FB912FE070F}.Release|x64.ActiveCfg = Release|x64
		{0CF8FA75-E725-41DD-B5D6-2FB912FE070F}.Release|x64.Build.0 = Release|x64
		{0CF8FA75-E725-41DD-B5D6-2FB912FE070F}.Release|x86.ActiveCfg = Release|Win32
		{0CF8FA75-E725-41DD-B5D6-2FB912FE070F}.Release|x86.Build.0 = Release|Win32
		{0CF8FA75-E725-41DD-B5D6-2FB912FE070F}.RelWithDebInfo|x64.ActiveCfg = Release|x64
		{0CF8FA75-E725-41DD-B5D6-2FB912FE070F}.RelWithDebInfo|x64.Build.0 = Release|x64
		{0CF8FA75-E725-41DD-B5D6-2FB912FE070F}.RelWithDebInfo|x86.ActiveCfg = Release|Win32
		{0CF8FA75-E725-41DD-B5D6-2FB912FE070F}.RelWithDebInfo|x86.Build.0 = Release|Win32
		{FB10D326-2CE5-4DF9-8145-C2698D5CC5BC}.Debug|x64.ActiveCfg = Debug|x64
		{FB10D326-2CE5-4DF9-8145-C2698D5CC5BC}.Debug|x64.Build.0 = Debug|x64
		{FB10D326-2CE5-4DF9-8145-C2698D5CC5BC}.Debug|x86.ActiveCfg = Debug|Win32
		{FB10D326-2CE5-4DF9-8145-C2698D5CC5BC}.Debug|x86.Build.0 = Debug|Win32
		{FB10D326-2CE5-4DF9-8145-C2698D5CC5BC}.MinSizeRel|x64.ActiveCfg = Release|x64
		{FB10D326-2CE5-4DF9-8145-C2698D5CC5BC}.MinSizeRel|x64.Build.0 = Release|x64
		{FB10D326-2CE5-4DF9-8145-C2698D5CC5BC}.MinSizeRel|x86.ActiveCfg = Release|Win32
		{FB10D326-2CE5-4DF9-8145-C2698D5CC5BC}.MinSizeRel|x86.Build.0 = Release|Win32
		{FB10D326-2CE5-4DF9-8145-C2698D5CC5BC}.Release|x64.ActiveCfg = Release|x64
		{FB10D326-2CE5-4DF9-8145-C2698D5CC5BC}.Release|x64.Build.0 = Release|x64
		{FB10D326-2CE5-4DF9-8145-C2698D5CC5BC}.Release|x86.ActiveCfg = Release|Win32
		{FB10D326-2CE5-4DF9-8145-C2698D5CC5BC}.Release|x86.Build.0 = Release|Win32
		{FB10D326-2CE5-4DF9-8145-C2698D5CC5BC}.RelWithDebInfo|x64.ActiveCfg = Release|x64
		{FB10D326-2CE5-4DF9-8145-C2698D5CC5BC}.RelWithDebInfo|x64.Build.0 = Release|x64
		{FB10D326-2CE5-4DF9-8145-C2698D5CC5BC}.RelWithDebInfo|x86.ActiveCfg = Release|Win32
		{FB10D326-2CE5-4DF9-8145-C2698D5CC5BC}.RelWithDebInfo|x86.Build.0 = Release|Win32
		{976CF2CE-BF0B-42A3-BCA3-3915F7D3E184}.Debug|x64.ActiveCfg = Debug|x64
		{976CF2CE-BF0B-42A3-BCA3-3915F7D3E184}.Debug|x64.Build.0 = Debug|x64
		{976CF2CE-BF0B-42A3-BCA3-3915F7D3E184}.Debug|x86.ActiveCfg = Debug|Win32
		{976CF2CE-BF0B-42A3-BCA3-3915F7D3E184}.Debug|x86.Build.0 = Debug|Win32
		{976CF2CE-BF0B-42A3-BCA3-3915F7D3E184}.MinSizeRel|x64.ActiveCfg = Release|x64
		{976CF2CE-BF0B-42A3-BCA3-3915F7D3E184}.MinSizeRel|x64.Build.0 = Release|x64
		{976CF2CE-BF0B-42A3-BCA3-3915F7D3E184}.MinSizeRel|x86.ActiveCfg = Release|Win32
		{976CF2CE-BF0B-42A3-BCA3-3915F7D3E184}.MinSizeRel|x86.Build.0 = Release|Win32
		{976CF2CE-BF0B-42A3-BCA3-3915F7D3E184}.Release|x64.ActiveCfg = Release|x64
		{976CF2CE-BF0B-42A3-BCA3-3915F7D3E184}.Release|x64.Build.0 = Release|x64
		{976CF2CE-BF0B-42A3-BCA3-3915F7D3E184}.Release|x86.ActiveCfg = Release|Win32
		{976CF2CE-BF0B-42A3-BCA3-3915F7D3E184}.Release|x86.Build.0 = Release|Win32
		{976CF2CE-BF0B-42A3-BCA3-3915F7D3E184}.RelWithDebInfo|x64.ActiveCfg = Release|x64
		{976CF2CE-BF0B-42A3-BCA3-3915F7D3E184}.RelWithDebInfo|x64.Build.0 = Release|x64
		{976CF2CE-BF0B-42A3-BCA3-3915F7D3E184}.RelWithDebInfo|x86.ActiveCfg = Release|Win32
		{976CF2CE-BF0B-42A3-BCA3-3915F7D3E184}.RelWithDebInfo|x86.Build.0 = Release|Win32
		{986855AB-DE08-31C3-89A0-1EB21D2C3A87}.Debug|x64.ActiveCfg = Debug|x64
		{986855AB-DE08-31C3-89A0-1EB21D2C3A87}.Debug|x64.Build.0 = Debug|x64
		{986855AB-DE08-31C3-89A0-1EB21D2C3A87}.Debug|x86.ActiveCfg = Debug|x64
		{986855AB-DE08-31C3-89A0-1EB21D2C3A87}.Debug|x86.Build.0 = Debug|x64
		{986855AB-DE08-31C3-89A0-1EB21D2C3A87}.MinSizeRel|x64.ActiveCfg = MinSizeRel|x64
		{986855AB-DE08-31C3-89A0-1EB21D2C3A87}.MinSizeRel|x64.Build.0 = MinSizeRel|x64
		{986855AB-DE08-31C3-89A0-1EB21D2C3A87}.MinSizeRel|x86.ActiveCfg = MinSizeRel|x64
		{986855AB-DE08-31C3-89A0-1EB21D2C3A87}.MinSizeRel|x86.Build.0 = MinSizeRel|x64
		{986855AB-DE08-31C3-89A0-1EB21D2C3A87}.Release|x64.ActiveCfg = Release|x64
		{986855AB-DE08-31C3-89A0-1EB21D2C3A87}.Release|x64.Build.0 = Release|x64
		{986855AB-DE08-31C3-89A0-1EB21D2C3A87}.Release|x86.ActiveCfg = Release|x64
		{986855AB-DE08-31C3-89A0-1EB21D2C3A87}.Release|x86.Build.0 = Release|x64
		{986855AB-DE08-31C3-89A0-1EB21D2C3A87}.RelWithDebInfo|x64.ActiveCfg = RelWithDebInfo|x64
		{986855AB-DE08-31C3-89A0-1EB21D2C3A87}.RelWithDebInfo|x64.Build.0 = RelWithDebInfo|x64
		{986855AB-DE08-31C3-89A0-1EB21D2C3A87}.RelWithDebInfo|x86.ActiveCfg = RelWithDebInfo|x64
		{986855AB-DE08-31C3-89A0-1EB21D2C3A87}.RelWithDebInfo|x86.Build.0 = RelWithDebInfo|x64
	EndGlobalSection
	GlobalSection(SolutionProperties) = preSolution
		HideSolutionNode = FALSE
	EndGlobalSection
	GlobalSection(ExtensibilityGlobals) = postSolution
		SolutionGuid = {56D7A371-89E4-4FAF-B405-2FCAA26C85F8}
	EndGlobalSection
EndGlobal
